
Microsoft Visual Studio Solution File, Format Version 12.00
# Visual Studio Version 17
VisualStudioVersion = 17.3.32901.215
MinimumVisualStudioVersion = 10.0.40219.1
Project("{FAE04EC0-301F-11D3-BF4B-00C04F79EFBC}") = "CanoRuben_PR1x6", "CanoRuben_PR1x6.csproj", "{A31E157F-04E3-434A-8811-8EF30397882F}"
EndProject
Global
	GlobalSection(SolutionConfigurationPlatforms) = preSolution
		Debug|Any CPU = Debug|Any CPU
		Release|Any CPU = Release|Any CPU
	EndGlobalSection
	GlobalSection(ProjectConfigurationPlatforms) = postSolution
		{A31E157F-04E3-434A-8811-8EF30397882F}.Debug|Any CPU.ActiveCfg = Debug|Any CPU
		{A31E157F-04E3-434A-8811-8EF30397882F}.Debug|Any CPU.Build.0 = Debug|Any CPU
		{A31E157F-04E3-434A-8811-8EF30397882F}.Release|Any CPU.ActiveCfg = Release|Any CPU
		{A31E157F-04E3-434A-8811-8EF30397882F}.Release|Any CPU.Build.0 = Release|Any CPU
	EndGlobalSection
	GlobalSection(SolutionProperties) = preSolution
		HideSolutionNode = FALSE
	EndGlobalSection
	GlobalSection(ExtensibilityGlobals) = postSolution
		SolutionGuid = {8A963AE2-5096-445C-988F-2955445F0B6D}
	EndGlobalSection
EndGlobal
